
Microsoft Visual Studio Solution File, Format Version 12.00
# Visual Studio 15
VisualStudioVersion = 15.0.27130.0
MinimumVisualStudioVersion = 10.0.40219.1
Project("{FAE04EC0-301F-11D3-BF4B-00C04F79EFBC}") = "WPF_UC_FirstHeader", "WPF_UC_FirstHeader\WPF_UC_FirstHeader.csproj", "{103941DD-1DFD-4029-9951-550BBBAAD3C6}"
EndProject
Project("{FAE04EC0-301F-11D3-BF4B-00C04F79EFBC}") = "WPF_UC_DropDown", "WPF_UC_DropDown\WPF_UC_DropDown.csproj", "{EBC115CD-91BE-4B71-885E-7F94C3FFFB9A}"
EndProject
Project("{FAE04EC0-301F-11D3-BF4B-00C04F79EFBC}") = "WPF_UC_BarChart", "WPF_UC_BarChart\WPF_UC_BarChart.csproj", "{17382C28-4936-4762-BC35-C012F04DA8B7}"
EndProject
Project("{FAE04EC0-301F-11D3-BF4B-00C04F79EFBC}") = "WPF_UC_TextBoxTreeView", "WPF_UC_TextBoxTreeView\WPF_UC_TextBoxTreeView.csproj", "{1EB03C68-1A1D-4103-8488-4B75426B4522}"
EndProject
Project("{FAE04EC0-301F-11D3-BF4B-00C04F79EFBC}") = "WPF_UC_Menu", "WPF_UC_Menu\WPF_UC_Menu.csproj", "{84D0594D-6628-462C-AF08-497235D5884B}"
EndProject
Project("{FAE04EC0-301F-11D3-BF4B-00C04F79EFBC}") = "WPF_UC_TabControlWithClose", "WPF_UC_TabControlWithClose\WPF_UC_TabControlWithClose.csproj", "{F1B7003D-9348-4E60-8E18-BD954F51C13C}"
EndProject
Project("{FAE04EC0-301F-11D3-BF4B-00C04F79EFBC}") = "WPF_UC_WeChatMessageNotify", "WPF_UC_WeChatMessageNotify\WPF_UC_WeChatMessageNotify.csproj", "{BDAB7A8B-4E12-42E2-8AF2-DD102E96C420}"
EndProject
Project("{FAE04EC0-301F-11D3-BF4B-00C04F79EFBC}") = "WPF_UC_ButtonPopup", "WPF_UC_ButtonPopup\WPF_UC_ButtonPopup.csproj", "{B79AEF80-6F9C-4294-A3C7-4CEE2D1C555A}"
EndProject
Project("{FAE04EC0-301F-11D3-BF4B-00C04F79EFBC}") = "WPF_UC_TextBoxPopup", "WPF_UC_TextBoxPopup\WPF_UC_TextBoxPopup.csproj", "{0C16E888-C7A5-4BA5-9AA2-36C3EBE4847F}"
EndProject
Global
	GlobalSection(SolutionConfigurationPlatforms) = preSolution
		Debug|Any CPU = Debug|Any CPU
		Debug|x86 = Debug|x86
		Release|Any CPU = Release|Any CPU
		Release|x86 = Release|x86
	EndGlobalSection
	GlobalSection(ProjectConfigurationPlatforms) = postSolution
		{103941DD-1DFD-4029-9951-550BBBAAD3C6}.Debug|Any CPU.ActiveCfg = Debug|Any CPU
		{103941DD-1DFD-4029-9951-550BBBAAD3C6}.Debug|Any CPU.Build.0 = Debug|Any CPU
		{103941DD-1DFD-4029-9951-550BBBAAD3C6}.Debug|x86.ActiveCfg = Debug|Any CPU
		{103941DD-1DFD-4029-9951-550BBBAAD3C6}.Debug|x86.Build.0 = Debug|Any CPU
		{103941DD-1DFD-4029-9951-550BBBAAD3C6}.Release|Any CPU.ActiveCfg = Release|Any CPU
		{103941DD-1DFD-4029-9951-550BBBAAD3C6}.Release|Any CPU.Build.0 = Release|Any CPU
		{103941DD-1DFD-4029-9951-550BBBAAD3C6}.Release|x86.ActiveCfg = Release|Any CPU
		{103941DD-1DFD-4029-9951-550BBBAAD3C6}.Release|x86.Build.0 = Release|Any CPU
		{EBC115CD-91BE-4B71-885E-7F94C3FFFB9A}.Debug|Any CPU.ActiveCfg = Debug|Any CPU
		{EBC115CD-91BE-4B71-885E-7F94C3FFFB9A}.Debug|Any CPU.Build.0 = Debug|Any CPU
		{EBC115CD-91BE-4B71-885E-7F94C3FFFB9A}.Debug|x86.ActiveCfg = Debug|Any CPU
		{EBC115CD-91BE-4B71-885E-7F94C3FFFB9A}.Debug|x86.Build.0 = Debug|Any CPU
		{EBC115CD-91BE-4B71-885E-7F94C3FFFB9A}.Release|Any CPU.ActiveCfg = Release|Any CPU
		{EBC115CD-91BE-4B71-885E-7F94C3FFFB9A}.Release|Any CPU.Build.0 = Release|Any CPU
		{EBC115CD-91BE-4B71-885E-7F94C3FFFB9A}.Release|x86.ActiveCfg = Release|Any CPU
		{EBC115CD-91BE-4B71-885E-7F94C3FFFB9A}.Release|x86.Build.0 = Release|Any CPU
		{17382C28-4936-4762-BC35-C012F04DA8B7}.Debug|Any CPU.ActiveCfg = Debug|Any CPU
		{17382C28-4936-4762-BC35-C012F04DA8B7}.Debug|Any CPU.Build.0 = Debug|Any CPU
		{17382C28-4936-4762-BC35-C012F04DA8B7}.Debug|x86.ActiveCfg = Debug|Any CPU
		{17382C28-4936-4762-BC35-C012F04DA8B7}.Debug|x86.Build.0 = Debug|Any CPU
		{17382C28-4936-4762-BC35-C012F04DA8B7}.Release|Any CPU.ActiveCfg = Release|Any CPU
		{17382C28-4936-4762-BC35-C012F04DA8B7}.Release|Any CPU.Build.0 = Release|Any CPU
		{17382C28-4936-4762-BC35-C012F04DA8B7}.Release|x86.ActiveCfg = Release|Any CPU
		{17382C28-4936-4762-BC35-C012F04DA8B7}.Release|x86.Build.0 = Release|Any CPU
		{1EB03C68-1A1D-4103-8488-4B75426B4522}.Debug|Any CPU.ActiveCfg = Debug|Any CPU
		{1EB03C68-1A1D-4103-8488-4B75426B4522}.Debug|Any CPU.Build.0 = Debug|Any CPU
		{1EB03C68-1A1D-4103-8488-4B75426B4522}.Debug|x86.ActiveCfg = Debug|Any CPU
		{1EB03C68-1A1D-4103-8488-4B75426B4522}.Debug|x86.Build.0 = Debug|Any CPU
		{1EB03C68-1A1D-4103-8488-4B75426B4522}.Release|Any CPU.ActiveCfg = Release|Any CPU
		{1EB03C68-1A1D-4103-8488-4B75426B4522}.Release|Any CPU.Build.0 = Release|Any CPU
		{1EB03C68-1A1D-4103-8488-4B75426B4522}.Release|x86.ActiveCfg = Release|Any CPU
		{1EB03C68-1A1D-4103-8488-4B75426B4522}.Release|x86.Build.0 = Release|Any CPU
		{84D0594D-6628-462C-AF08-497235D5884B}.Debug|Any CPU.ActiveCfg = Debug|Any CPU
		{84D0594D-6628-462C-AF08-497235D5884B}.Debug|Any CPU.Build.0 = Debug|Any CPU
		{84D0594D-6628-462C-AF08-497235D5884B}.Debug|x86.ActiveCfg = Debug|Any CPU
		{84D0594D-6628-462C-AF08-497235D5884B}.Debug|x86.Build.0 = Debug|Any CPU
		{84D0594D-6628-462C-AF08-497235D5884B}.Release|Any CPU.ActiveCfg = Release|Any CPU
		{84D0594D-6628-462C-AF08-497235D5884B}.Release|Any CPU.Build.0 = Release|Any CPU
		{84D0594D-6628-462C-AF08-497235D5884B}.Release|x86.ActiveCfg = Release|Any CPU
		{84D0594D-6628-462C-AF08-497235D5884B}.Release|x86.Build.0 = Release|Any CPU
		{F1B7003D-9348-4E60-8E18-BD954F51C13C}.Debug|Any CPU.ActiveCfg = Debug|Any CPU
		{F1B7003D-9348-4E60-8E18-BD954F51C13C}.Debug|Any CPU.Build.0 = Debug|Any CPU
		{F1B7003D-9348-4E60-8E18-BD954F51C13C}.Debug|x86.ActiveCfg = Debug|Any CPU
		{F1B7003D-9348-4E60-8E18-BD954F51C13C}.Debug|x86.Build.0 = Debug|Any CPU
		{F1B7003D-9348-4E60-8E18-BD954F51C13C}.Release|Any CPU.ActiveCfg = Release|Any CPU
		{F1B7003D-9348-4E60-8E18-BD954F51C13C}.Release|Any CPU.Build.0 = Release|Any CPU
		{F1B7003D-9348-4E60-8E18-BD954F51C13C}.Release|x86.ActiveCfg = Release|Any CPU
		{F1B7003D-9348-4E60-8E18-BD954F51C13C}.Release|x86.Build.0 = Release|Any CPU
		{BDAB7A8B-4E12-42E2-8AF2-DD102E96C420}.Debug|Any CPU.ActiveCfg = Debug|Any CPU
		{BDAB7A8B-4E12-42E2-8AF2-DD102E96C420}.Debug|Any CPU.Build.0 = Debug|Any CPU
		{BDAB7A8B-4E12-42E2-8AF2-DD102E96C420}.Debug|x86.ActiveCfg = Debug|Any CPU
		{BDAB7A8B-4E12-42E2-8AF2-DD102E96C420}.Debug|x86.Build.0 = Debug|Any CPU
		{BDAB7A8B-4E12-42E2-8AF2-DD102E96C420}.Release|Any CPU.ActiveCfg = Release|Any CPU
		{BDAB7A8B-4E12-42E2-8AF2-DD102E96C420}.Release|Any CPU.Build.0 = Release|Any CPU
		{BDAB7A8B-4E12-42E2-8AF2-DD102E96C420}.Release|x86.ActiveCfg = Release|Any CPU
		{BDAB7A8B-4E12-42E2-8AF2-DD102E96C420}.Release|x86.Build.0 = Release|Any CPU
		{B79AEF80-6F9C-4294-A3C7-4CEE2D1C555A}.Debug|Any CPU.ActiveCfg = Debug|Any CPU
		{B79AEF80-6F9C-4294-A3C7-4CEE2D1C555A}.Debug|Any CPU.Build.0 = Debug|Any CPU
		{B79AEF80-6F9C-4294-A3C7-4CEE2D1C555A}.Debug|x86.ActiveCfg = Debug|Any CPU
		{B79AEF80-6F9C-4294-A3C7-4CEE2D1C555A}.Debug|x86.Build.0 = Debug|Any CPU
		{B79AEF80-6F9C-4294-A3C7-4CEE2D1C555A}.Release|Any CPU.ActiveCfg = Release|Any CPU
		{B79AEF80-6F9C-4294-A3C7-4CEE2D1C555A}.Release|Any CPU.Build.0 = Release|Any CPU
		{B79AEF80-6F9C-4294-A3C7-4CEE2D1C555A}.Release|x86.ActiveCfg = Release|Any CPU
		{B79AEF80-6F9C-4294-A3C7-4CEE2D1C555A}.Release|x86.Build.0 = Release|Any CPU
		{0C16E888-C7A5-4BA5-9AA2-36C3EBE4847F}.Debug|Any CPU.ActiveCfg = Debug|Any CPU
		{0C16E888-C7A5-4BA5-9AA2-36C3EBE4847F}.Debug|Any CPU.Build.0 = Debug|Any CPU
		{0C16E888-C7A5-4BA5-9AA2-36C3EBE4847F}.Debug|x86.ActiveCfg = Debug|Any CPU
		{0C16E888-C7A5-4BA5-9AA2-36C3EBE4847F}.Debug|x86.Build.0 = Debug|Any CPU
		{0C16E888-C7A5-4BA5-9AA2-36C3EBE4847F}.Release|Any CPU.ActiveCfg = Release|Any CPU
		{0C16E888-C7A5-4BA5-9AA2-36C3EBE4847F}.Release|Any CPU.Build.0 = Release|Any CPU
		{0C16E888-C7A5-4BA5-9AA2-36C3EBE4847F}.Release|x86.ActiveCfg = Release|Any CPU
		{0C16E888-C7A5-4BA5-9AA2-36C3EBE4847F}.Release|x86.Build.0 = Release|Any CPU
	EndGlobalSection
	GlobalSection(SolutionProperties) = preSolution
		HideSolutionNode = FALSE
	EndGlobalSection
	GlobalSection(ExtensibilityGlobals) = postSolution
		SolutionGuid = {86EEDC05-C7AD-4C5B-BC93-62D2E1BD7D24}
	EndGlobalSection
	GlobalSection(TeamFoundationVersionControl) = preSolution
		SccNumberOfProjects = 10
		SccEnterpriseProvider = {4CA58AB2-18FA-4F8D-95D4-32DDF27D184C}
		SccTeamFoundationServer = https://benjaydemo.visualstudio.com/
		SccLocalPath0 = .
		SccProjectUniqueName1 = WPF_UC_FirstHeader\\WPF_UC_FirstHeader.csproj
		SccProjectName1 = WPF_UC_FirstHeader
		SccLocalPath1 = WPF_UC_FirstHeader
		SccProjectUniqueName2 = WPF_UC_DropDown\\WPF_UC_DropDown.csproj
		SccProjectName2 = WPF_UC_DropDown
		SccLocalPath2 = WPF_UC_DropDown
		SccProjectUniqueName3 = WPF_UC_BarChart\\WPF_UC_BarChart.csproj
		SccProjectName3 = WPF_UC_BarChart
		SccLocalPath3 = WPF_UC_BarChart
		SccProjectUniqueName4 = WPF_UC_TextBoxTreeView\\WPF_UC_TextBoxTreeView.csproj
		SccProjectName4 = WPF_UC_TextBoxTreeView
		SccLocalPath4 = WPF_UC_TextBoxTreeView
		SccProjectUniqueName5 = WPF_UC_Menu\\WPF_UC_Menu.csproj
		SccProjectName5 = WPF_UC_Menu
		SccLocalPath5 = WPF_UC_Menu
		SccProjectUniqueName6 = WPF_UC_TabControlWithClose\\WPF_UC_TabControlWithClose.csproj
		SccProjectName6 = WPF_UC_TabControlWithClose
		SccLocalPath6 = WPF_UC_TabControlWithClose
		SccProjectUniqueName7 = WPF_UC_WeChatMessageNotify\\WPF_UC_WeChatMessageNotify.csproj
		SccProjectName7 = WPF_UC_WeChatMessageNotify
		SccLocalPath7 = WPF_UC_WeChatMessageNotify
		SccProjectUniqueName8 = WPF_UC_ButtonPopup\\WPF_UC_ButtonPopup.csproj
		SccProjectName8 = WPF_UC_ButtonPopup
		SccLocalPath8 = WPF_UC_ButtonPopup
		SccProjectUniqueName9 = WPF_UC_TextBoxPopup\\WPF_UC_TextBoxPopup.csproj
		SccProjectName9 = WPF_UC_TextBoxPopup
		SccLocalPath9 = WPF_UC_TextBoxPopup
	EndGlobalSection
EndGlobal
